lockfileVersion: '9.0'

settings:
  autoInstallPeers: true
  excludeLinksFromLockfile: false

importers:

  .:
    dependencies:
      '@prisma/client':
        specifier: ^2.30.0
        version: 2.30.3(prisma@2.30.3)
    devDependencies:
      prisma:
        specifier: ^2.30.0
        version: 2.30.3

packages:

  '@prisma/client@2.30.3':
    resolution: {integrity: sha512-Ey2miZ+Hne12We3rA8XrlPoAF0iuKEhw5IK2nropaelSt0Ju3b2qSz9Qt50a/1Mx3+7yRSu/iSXt8y9TUMl/Yw==}
    engines: {node: '>=12.2'}
    peerDependencies:
      prisma: '*'
    peerDependenciesMeta:
      prisma:
        optional: true

  '@prisma/engines-version@2.30.1-2.b8c35d44de987a9691890b3ddf3e2e7effb9bf20':
    resolution: {integrity: sha512-/iDRgaoSQC77WN2oDsOM8dn61fykm6tnZUAClY+6p+XJbOEgZ9gy4CKuKTBgrjSGDVjtQ/S2KGcYd3Ring8xaw==}

  '@prisma/engines@2.30.1-2.b8c35d44de987a9691890b3ddf3e2e7effb9bf20':
    resolution: {integrity: sha512-WPnA/IUrxDihrRhdP6+8KAVSwsc0zsh8ioPYsLJjOhzVhwpRbuFH2tJDRIAbc+qFh+BbTIZbeyBYt8fpNXaYQQ==}

  prisma@2.30.3:
    resolution: {integrity: sha512-48qYba2BIyUmXuosBZs0g3kYGrxKvo4VkSHYOuLlDdDirmKyvoY2hCYMUYHSx3f++8ovfgs+MX5KmNlP+iAZrQ==}
    engines: {node: '>=12.2'}
    hasBin: true

snapshots:

  '@prisma/client@2.30.3(prisma@2.30.3)':
    dependencies:
      '@prisma/engines-version': 2.30.1-2.b8c35d44de987a9691890b3ddf3e2e7effb9bf20
    optionalDependencies:
      prisma: 2.30.3

  '@prisma/engines-version@2.30.1-2.b8c35d44de987a9691890b3ddf3e2e7effb9bf20': {}

  '@prisma/engines@2.30.1-2.b8c35d44de987a9691890b3ddf3e2e7effb9bf20': {}

  prisma@2.30.3:
    dependencies:
      '@prisma/engines': 2.30.1-2.b8c35d44de987a9691890b3ddf3e2e7effb9bf20
